
Microsoft Visual Studio Solution File, Format Version 12.00
# Visual Studio Version 17
VisualStudioVersion = 17.14.36429.23 d17.14
MinimumVisualStudioVersion = 10.0.40219.1
Project("{FAE04EC0-301F-11D3-BF4B-00C04F79EFBC}") = "ArashiDNS.Kyro", "ArashiDNS.Kyro.csproj", "{C31865C1-EAC7-49C7-AEAA-46D83FA5A4BC}"
EndProject
Global
	GlobalSection(SolutionConfigurationPlatforms) = preSolution
		Debug|Any CPU = Debug|Any CPU
		Release|Any CPU = Release|Any CPU
	EndGlobalSection
	GlobalSection(ProjectConfigurationPlatforms) = postSolution
		{C31865C1-EAC7-49C7-AEAA-46D83FA5A4BC}.Debug|Any CPU.ActiveCfg = Debug|Any CPU
		{C31865C1-EAC7-49C7-AEAA-46D83FA5A4BC}.Debug|Any CPU.Build.0 = Debug|Any CPU
		{C31865C1-EAC7-49C7-AEAA-46D83FA5A4BC}.Release|Any CPU.ActiveCfg = Release|Any CPU
		{C31865C1-EAC7-49C7-AEAA-46D83FA5A4BC}.Release|Any CPU.Build.0 = Release|Any CPU
	EndGlobalSection
	GlobalSection(SolutionProperties) = preSolution
		HideSolutionNode = FALSE
	EndGlobalSection
	GlobalSection(ExtensibilityGlobals) = postSolution
		SolutionGuid = {68400B3F-735E-4C4F-B768-F727E7EE29A9}
	EndGlobalSection
EndGlobal
